
Microsoft Visual Studio Solution File, Format Version 12.00
# Visual Studio 14
VisualStudioVersion = 14.0.22823.1
MinimumVisualStudioVersion = 10.0.40219.1
Project("{FAE04EC0-301F-11D3-BF4B-00C04F79EFBC}") = "Payroll.Web", "Payroll.Web\Payroll.Web.csproj", "{AF4A963C-6DE6-4C33-A90B-9D87888890F3}"
EndProject
Project("{FAE04EC0-301F-11D3-BF4B-00C04F79EFBC}") = "Payroll.Core", "Payroll.Core\Payroll.Core.csproj", "{17F28C48-ED63-4E6D-A399-29BDA630AC3D}"
EndProject
Project("{FAE04EC0-301F-11D3-BF4B-00C04F79EFBC}") = "Payroll.Service", "Payroll.Service\Payroll.Service.csproj", "{0240C22C-A77F-487B-B2CD-F6DFA5DBD636}"
EndProject
Project("{FAE04EC0-301F-11D3-BF4B-00C04F79EFBC}") = "Payroll.Service.Tests", "Payroll.Service.Tests\Payroll.Service.Tests.csproj", "{7277E948-2823-426D-B3EB-177C33E25186}"
EndProject
Project("{FAE04EC0-301F-11D3-BF4B-00C04F79EFBC}") = "Payroll.Repository", "Payroll.Repository\Payroll.Repository.csproj", "{929FF974-6F51-46F1-A27A-243FD73A2B78}"
EndProject
Global
	GlobalSection(SolutionConfigurationPlatforms) = preSolution
		Debug|Any CPU = Debug|Any CPU
		Release|Any CPU = Release|Any CPU
	EndGlobalSection
	GlobalSection(ProjectConfigurationPlatforms) = postSolution
		{AF4A963C-6DE6-4C33-A90B-9D87888890F3}.Debug|Any CPU.ActiveCfg = Debug|Any CPU
		{AF4A963C-6DE6-4C33-A90B-9D87888890F3}.Debug|Any CPU.Build.0 = Debug|Any CPU
		{AF4A963C-6DE6-4C33-A90B-9D87888890F3}.Release|Any CPU.ActiveCfg = Release|Any CPU
		{AF4A963C-6DE6-4C33-A90B-9D87888890F3}.Release|Any CPU.Build.0 = Release|Any CPU
		{17F28C48-ED63-4E6D-A399-29BDA630AC3D}.Debug|Any CPU.ActiveCfg = Debug|Any CPU
		{17F28C48-ED63-4E6D-A399-29BDA630AC3D}.Debug|Any CPU.Build.0 = Debug|Any CPU
		{17F28C48-ED63-4E6D-A399-29BDA630AC3D}.Release|Any CPU.ActiveCfg = Release|Any CPU
		{17F28C48-ED63-4E6D-A399-29BDA630AC3D}.Release|Any CPU.Build.0 = Release|Any CPU
		{0240C22C-A77F-487B-B2CD-F6DFA5DBD636}.Debug|Any CPU.ActiveCfg = Debug|Any CPU
		{0240C22C-A77F-487B-B2CD-F6DFA5DBD636}.Debug|Any CPU.Build.0 = Debug|Any CPU
		{0240C22C-A77F-487B-B2CD-F6DFA5DBD636}.Release|Any CPU.ActiveCfg = Release|Any CPU
		{0240C22C-A77F-487B-B2CD-F6DFA5DBD636}.Release|Any CPU.Build.0 = Release|Any CPU
		{7277E948-2823-426D-B3EB-177C33E25186}.Debug|Any CPU.ActiveCfg = Debug|Any CPU
		{7277E948-2823-426D-B3EB-177C33E25186}.Debug|Any CPU.Build.0 = Debug|Any CPU
		{7277E948-2823-426D-B3EB-177C33E25186}.Release|Any CPU.ActiveCfg = Release|Any CPU
		{7277E948-2823-426D-B3EB-177C33E25186}.Release|Any CPU.Build.0 = Release|Any CPU
		{929FF974-6F51-46F1-A27A-243FD73A2B78}.Debug|Any CPU.ActiveCfg = Debug|Any CPU
		{929FF974-6F51-46F1-A27A-243FD73A2B78}.Debug|Any CPU.Build.0 = Debug|Any CPU
		{929FF974-6F51-46F1-A27A-243FD73A2B78}.Release|Any CPU.ActiveCfg = Release|Any CPU
		{929FF974-6F51-46F1-A27A-243FD73A2B78}.Release|Any CPU.Build.0 = Release|Any CPU
	EndGlobalSection
	GlobalSection(SolutionProperties) = preSolution
		HideSolutionNode = FALSE
	EndGlobalSection
EndGlobal
